
Microsoft Visual Studio Solution File, Format Version 12.00
# Visual Studio 15
VisualStudioVersion = 15.0.26124.0
MinimumVisualStudioVersion = 15.0.26124.0
Project("{2150E333-8FDC-42A3-9474-1A3956D46DE8}") = "src", "src", "{CF273417-5891-44C4-8458-A8EAC00029B3}"
EndProject
Project("{C191453F-42D6-4A89-9127-5D534A4A3BAE}") = "Nuke.Unreal", "src\Nuke.Unreal\Nuke.Unreal.csproj", "{98AB7F3D-791C-48A6-A1B7-61E7956C301F}"
EndProject
Project("{9A19103F-16F7-4668-BE54-9A1E7A4F7556}") = "_build", "build\_build.csproj", "{9F00CDF8-6FC4-48C7-B8C6-8F7920D5F48B}"
EndProject
Project("{F075CD81-1E1A-41B1-8A75-2A813BD8C58E}") = "Nuke.Unreal.Tests", "src\Nuke.Unreal.Tests\Nuke.Unreal.Tests.csproj", "{FCD0931E-7D8A-4DE8-8193-7B82BF1D0416}"
EndProject
Project("{9D252F19-40C8-48F0-86BA-18EB301F4902}") = "Nuke.Unreal.Ini", "src\Nuke.Unreal.Ini\Nuke.Unreal.Ini.csproj", "{F702BAC0-4B96-4A2C-B679-7F722508AE0A}"
EndProject
Project("{2150E333-8FDC-42A3-9474-1A3956D46DE8}") = "tests", "tests", "{8B32E2DA-595F-4478-8D75-A5FDF4E4BF62}"
EndProject
Project("{2150E333-8FDC-42A3-9474-1A3956D46DE8}") = "Plain", "Plain", "{127DD9A6-7AA6-450F-98FB-BBA4DDF2D5BF}"
EndProject
Project("{FAE04EC0-301F-11D3-BF4B-00C04F79EFBC}") = "Nuke.Targets", "tests\Plain\Nuke.Targets\Nuke.Targets.csproj", "{56D4FBBC-F9D9-4403-BCA4-B3F6DB42A1FF}"
EndProject
Project("{2150E333-8FDC-42A3-9474-1A3956D46DE8}") = "UE_4.27", "UE_4.27", "{2CF0FC68-9038-949B-E615-F88F97AEE0B9}"
EndProject
Project("{2150E333-8FDC-42A3-9474-1A3956D46DE8}") = "AddCodeToProject", "AddCodeToProject", "{19463DAF-198B-95E4-355B-153291505A92}"
EndProject
Project("{FAE04EC0-301F-11D3-BF4B-00C04F79EFBC}") = "Nuke.Targets", "tests\UE_4.27\AddCodeToProject\Nuke.Targets\Nuke.Targets.csproj", "{3F83F73B-6FAB-4973-9B7E-E5FAC1DA54CC}"
EndProject
Project("{2150E333-8FDC-42A3-9474-1A3956D46DE8}") = "Packaging", "Packaging", "{0E14D837-B0DB-930D-E489-6580E4C78412}"
EndProject
Project("{FAE04EC0-301F-11D3-BF4B-00C04F79EFBC}") = "Nuke.Targets", "tests\UE_4.27\Packaging\Nuke.Targets\Nuke.Targets.csproj", "{C6282A7D-505F-40B3-A5D6-F07B7BDBAC6F}"
EndProject
Project("{2150E333-8FDC-42A3-9474-1A3956D46DE8}") = "UE_5.1", "UE_5.1", "{61069465-28ED-564C-3417-DC2B848A0A71}"
EndProject
Project("{2150E333-8FDC-42A3-9474-1A3956D46DE8}") = "AddCodeToProject", "AddCodeToProject", "{6CB772D8-4E23-23E0-5184-284CF321BD0A}"
EndProject
Project("{FAE04EC0-301F-11D3-BF4B-00C04F79EFBC}") = "Nuke.Targets", "tests\UE_5.1\AddCodeToProject\Nuke.Targets\Nuke.Targets.csproj", "{39C93C22-2B1C-4094-BAC8-DEBD5683F761}"
EndProject
Project("{2150E333-8FDC-42A3-9474-1A3956D46DE8}") = "Packaging", "Packaging", "{FB156FBF-9F48-A264-DC38-F536B05E1C08}"
EndProject
Project("{FAE04EC0-301F-11D3-BF4B-00C04F79EFBC}") = "Nuke.Targets", "tests\UE_5.1\Packaging\Nuke.Targets\Nuke.Targets.csproj", "{48FBA9E0-87E3-4000-8382-F5956057615C}"
EndProject
Project("{2150E333-8FDC-42A3-9474-1A3956D46DE8}") = "UE_5.2", "UE_5.2", "{188DFB1B-1620-D022-AD36-F8185C8317B8}"
EndProject
Project("{2150E333-8FDC-42A3-9474-1A3956D46DE8}") = "AddCodeToProject", "AddCodeToProject", "{EE21309E-755D-B7FB-7B9C-8F5F1CB4F98D}"
EndProject
Project("{FAE04EC0-301F-11D3-BF4B-00C04F79EFBC}") = "Nuke.Targets", "tests\UE_5.2\AddCodeToProject\Nuke.Targets\Nuke.Targets.csproj", "{F113CD06-68B5-4E9D-9E68-1C202616B5CD}"
EndProject
Project("{2150E333-8FDC-42A3-9474-1A3956D46DE8}") = "Packaging", "Packaging", "{D5E3AA35-C687-32A1-90C9-019877B720EC}"
EndProject
Project("{FAE04EC0-301F-11D3-BF4B-00C04F79EFBC}") = "Nuke.Targets", "tests\UE_5.2\Packaging\Nuke.Targets\Nuke.Targets.csproj", "{AFB02211-34CC-4E9E-8CA2-D2AA548590CF}"
EndProject
Project("{2150E333-8FDC-42A3-9474-1A3956D46DE8}") = "UE_5.3", "UE_5.3", "{1724D3B6-8688-AFF0-DC52-BAB98E0822FF}"
EndProject
Project("{2150E333-8FDC-42A3-9474-1A3956D46DE8}") = "AddCodeToProject", "AddCodeToProject", "{45140884-8E1F-1EFA-26F7-E3ECD5D04A72}"
EndProject
Project("{FAE04EC0-301F-11D3-BF4B-00C04F79EFBC}") = "Nuke.Targets", "tests\UE_5.3\AddCodeToProject\Nuke.Targets\Nuke.Targets.csproj", "{F7D6B74D-5828-4ABD-A897-77417290A13B}"
EndProject
Project("{2150E333-8FDC-42A3-9474-1A3956D46DE8}") = "Packaging", "Packaging", "{635CECF5-281C-D8DE-2E5E-72BBC38BA5BB}"
EndProject
Project("{FAE04EC0-301F-11D3-BF4B-00C04F79EFBC}") = "Nuke.Targets", "tests\UE_5.3\Packaging\Nuke.Targets\Nuke.Targets.csproj", "{C5FF9798-562C-40A5-A49A-9543D32AC339}"
EndProject
Project("{2150E333-8FDC-42A3-9474-1A3956D46DE8}") = "UE_5.4", "UE_5.4", "{5AFBC152-C7CA-0FF9-1DC0-4AFD9A27AE1E}"
EndProject
Project("{2150E333-8FDC-42A3-9474-1A3956D46DE8}") = "AddCodeToProject", "AddCodeToProject", "{FFA022F8-C0D6-A38A-4C8C-DFF96577052D}"
EndProject
Project("{FAE04EC0-301F-11D3-BF4B-00C04F79EFBC}") = "Nuke.Targets", "tests\UE_5.4\AddCodeToProject\Nuke.Targets\Nuke.Targets.csproj", "{3BAEE29E-EA0D-4C4C-B365-CA8A41E5F462}"
EndProject
Project("{2150E333-8FDC-42A3-9474-1A3956D46DE8}") = "Packaging", "Packaging", "{564DC6DC-F778-53DF-FECF-90CC1C73C022}"
EndProject
Project("{FAE04EC0-301F-11D3-BF4B-00C04F79EFBC}") = "Nuke.Targets", "tests\UE_5.4\Packaging\Nuke.Targets\Nuke.Targets.csproj", "{58B8DCF8-0556-475B-BD4A-334A0BE0DB23}"
EndProject
Project("{2150E333-8FDC-42A3-9474-1A3956D46DE8}") = "UE_5.5", "UE_5.5", "{A0A67E8C-E530-5AD4-3E07-FF2EB4422DE8}"
EndProject
Project("{2150E333-8FDC-42A3-9474-1A3956D46DE8}") = "AddCodeToProject", "AddCodeToProject", "{793AFD12-7CF6-AC8D-A0ED-DCAD82D05F5F}"
EndProject
Project("{FAE04EC0-301F-11D3-BF4B-00C04F79EFBC}") = "Nuke.Targets", "tests\UE_5.5\AddCodeToProject\Nuke.Targets\Nuke.Targets.csproj", "{24E9D500-C7D7-43BF-A3DA-52BB825AFE75}"
EndProject
Project("{2150E333-8FDC-42A3-9474-1A3956D46DE8}") = "Packaging", "Packaging", "{88F411C9-FAE1-3650-F331-F83CDF763FC4}"
EndProject
Project("{FAE04EC0-301F-11D3-BF4B-00C04F79EFBC}") = "Nuke.Targets", "tests\UE_5.5\Packaging\Nuke.Targets\Nuke.Targets.csproj", "{50DD978D-BD41-456C-9128-D35A00470C9F}"
EndProject
Project("{2150E333-8FDC-42A3-9474-1A3956D46DE8}") = "install", "install", "{C3F10A81-F8F9-E828-1CC4-5544A6536692}"
EndProject
Project("{2150E333-8FDC-42A3-9474-1A3956D46DE8}") = "Fresh", "Fresh", "{36B946EC-CB4F-CA7B-0C5A-6523F031186E}"
EndProject
Project("{FAE04EC0-301F-11D3-BF4B-00C04F79EFBC}") = "Nuke.Targets", "install\Fresh\Nuke.Targets\Nuke.Targets.csproj", "{FC925D27-229A-4666-A1A9-DA141463C959}"
EndProject
Global
	GlobalSection(SolutionConfigurationPlatforms) = preSolution
		Debug|Any CPU = Debug|Any CPU
		Debug|x64 = Debug|x64
		Debug|x86 = Debug|x86
		Release|Any CPU = Release|Any CPU
		Release|x64 = Release|x64
		Release|x86 = Release|x86
	EndGlobalSection
	GlobalSection(ProjectConfigurationPlatforms) = postSolution
		{98AB7F3D-791C-48A6-A1B7-61E7956C301F}.Debug|Any CPU.ActiveCfg = Debug|Any CPU
		{98AB7F3D-791C-48A6-A1B7-61E7956C301F}.Debug|Any CPU.Build.0 = Debug|Any CPU
		{98AB7F3D-791C-48A6-A1B7-61E7956C301F}.Debug|x64.ActiveCfg = Debug|Any CPU
		{98AB7F3D-791C-48A6-A1B7-61E7956C301F}.Debug|x64.Build.0 = Debug|Any CPU
		{98AB7F3D-791C-48A6-A1B7-61E7956C301F}.Debug|x86.ActiveCfg = Debug|Any CPU
		{98AB7F3D-791C-48A6-A1B7-61E7956C301F}.Debug|x86.Build.0 = Debug|Any CPU
		{98AB7F3D-791C-48A6-A1B7-61E7956C301F}.Release|Any CPU.ActiveCfg = Release|Any CPU
		{98AB7F3D-791C-48A6-A1B7-61E7956C301F}.Release|Any CPU.Build.0 = Release|Any CPU
		{98AB7F3D-791C-48A6-A1B7-61E7956C301F}.Release|x64.ActiveCfg = Release|Any CPU
		{98AB7F3D-791C-48A6-A1B7-61E7956C301F}.Release|x64.Build.0 = Release|Any CPU
		{98AB7F3D-791C-48A6-A1B7-61E7956C301F}.Release|x86.ActiveCfg = Release|Any CPU
		{98AB7F3D-791C-48A6-A1B7-61E7956C301F}.Release|x86.Build.0 = Release|Any CPU
		{9F00CDF8-6FC4-48C7-B8C6-8F7920D5F48B}.Debug|Any CPU.ActiveCfg = Debug|Any CPU
		{9F00CDF8-6FC4-48C7-B8C6-8F7920D5F48B}.Debug|x64.ActiveCfg = Debug|Any CPU
		{9F00CDF8-6FC4-48C7-B8C6-8F7920D5F48B}.Debug|x86.ActiveCfg = Debug|Any CPU
		{9F00CDF8-6FC4-48C7-B8C6-8F7920D5F48B}.Release|Any CPU.ActiveCfg = Release|Any CPU
		{9F00CDF8-6FC4-48C7-B8C6-8F7920D5F48B}.Release|x64.ActiveCfg = Release|Any CPU
		{9F00CDF8-6FC4-48C7-B8C6-8F7920D5F48B}.Release|x86.ActiveCfg = Release|Any CPU
		{FCD0931E-7D8A-4DE8-8193-7B82BF1D0416}.Debug|Any CPU.ActiveCfg = Debug|Any CPU
		{FCD0931E-7D8A-4DE8-8193-7B82BF1D0416}.Debug|Any CPU.Build.0 = Debug|Any CPU
		{FCD0931E-7D8A-4DE8-8193-7B82BF1D0416}.Debug|x64.ActiveCfg = Debug|Any CPU
		{FCD0931E-7D8A-4DE8-8193-7B82BF1D0416}.Debug|x64.Build.0 = Debug|Any CPU
		{FCD0931E-7D8A-4DE8-8193-7B82BF1D0416}.Debug|x86.ActiveCfg = Debug|Any CPU
		{FCD0931E-7D8A-4DE8-8193-7B82BF1D0416}.Debug|x86.Build.0 = Debug|Any CPU
		{FCD0931E-7D8A-4DE8-8193-7B82BF1D0416}.Release|Any CPU.ActiveCfg = Release|Any CPU
		{FCD0931E-7D8A-4DE8-8193-7B82BF1D0416}.Release|Any CPU.Build.0 = Release|Any CPU
		{FCD0931E-7D8A-4DE8-8193-7B82BF1D0416}.Release|x64.ActiveCfg = Release|Any CPU
		{FCD0931E-7D8A-4DE8-8193-7B82BF1D0416}.Release|x64.Build.0 = Release|Any CPU
		{FCD0931E-7D8A-4DE8-8193-7B82BF1D0416}.Release|x86.ActiveCfg = Release|Any CPU
		{FCD0931E-7D8A-4DE8-8193-7B82BF1D0416}.Release|x86.Build.0 = Release|Any CPU
		{F702BAC0-4B96-4A2C-B679-7F722508AE0A}.Debug|Any CPU.ActiveCfg = Debug|Any CPU
		{F702BAC0-4B96-4A2C-B679-7F722508AE0A}.Debug|Any CPU.Build.0 = Debug|Any CPU
		{F702BAC0-4B96-4A2C-B679-7F722508AE0A}.Debug|x64.ActiveCfg = Debug|Any CPU
		{F702BAC0-4B96-4A2C-B679-7F722508AE0A}.Debug|x64.Build.0 = Debug|Any CPU
		{F702BAC0-4B96-4A2C-B679-7F722508AE0A}.Debug|x86.ActiveCfg = Debug|Any CPU
		{F702BAC0-4B96-4A2C-B679-7F722508AE0A}.Debug|x86.Build.0 = Debug|Any CPU
		{F702BAC0-4B96-4A2C-B679-7F722508AE0A}.Release|Any CPU.ActiveCfg = Release|Any CPU
		{F702BAC0-4B96-4A2C-B679-7F722508AE0A}.Release|Any CPU.Build.0 = Release|Any CPU
		{F702BAC0-4B96-4A2C-B679-7F722508AE0A}.Release|x64.ActiveCfg = Release|Any CPU
		{F702BAC0-4B96-4A2C-B679-7F722508AE0A}.Release|x64.Build.0 = Release|Any CPU
		{F702BAC0-4B96-4A2C-B679-7F722508AE0A}.Release|x86.ActiveCfg = Release|Any CPU
		{F702BAC0-4B96-4A2C-B679-7F722508AE0A}.Release|x86.Build.0 = Release|Any CPU
		{56D4FBBC-F9D9-4403-BCA4-B3F6DB42A1FF}.Debug|Any CPU.ActiveCfg = Debug|Any CPU
		{56D4FBBC-F9D9-4403-BCA4-B3F6DB42A1FF}.Debug|Any CPU.Build.0 = Debug|Any CPU
		{56D4FBBC-F9D9-4403-BCA4-B3F6DB42A1FF}.Debug|x64.ActiveCfg = Debug|Any CPU
		{56D4FBBC-F9D9-4403-BCA4-B3F6DB42A1FF}.Debug|x64.Build.0 = Debug|Any CPU
		{56D4FBBC-F9D9-4403-BCA4-B3F6DB42A1FF}.Debug|x86.ActiveCfg = Debug|Any CPU
		{56D4FBBC-F9D9-4403-BCA4-B3F6DB42A1FF}.Debug|x86.Build.0 = Debug|Any CPU
		{56D4FBBC-F9D9-4403-BCA4-B3F6DB42A1FF}.Release|Any CPU.ActiveCfg = Release|Any CPU
		{56D4FBBC-F9D9-4403-BCA4-B3F6DB42A1FF}.Release|Any CPU.Build.0 = Release|Any CPU
		{56D4FBBC-F9D9-4403-BCA4-B3F6DB42A1FF}.Release|x64.ActiveCfg = Release|Any CPU
		{56D4FBBC-F9D9-4403-BCA4-B3F6DB42A1FF}.Release|x64.Build.0 = Release|Any CPU
		{56D4FBBC-F9D9-4403-BCA4-B3F6DB42A1FF}.Release|x86.ActiveCfg = Release|Any CPU
		{56D4FBBC-F9D9-4403-BCA4-B3F6DB42A1FF}.Release|x86.Build.0 = Release|Any CPU
		{3F83F73B-6FAB-4973-9B7E-E5FAC1DA54CC}.Debug|Any CPU.ActiveCfg = Debug|Any CPU
		{3F83F73B-6FAB-4973-9B7E-E5FAC1DA54CC}.Debug|Any CPU.Build.0 = Debug|Any CPU
		{3F83F73B-6FAB-4973-9B7E-E5FAC1DA54CC}.Debug|x64.ActiveCfg = Debug|Any CPU
		{3F83F73B-6FAB-4973-9B7E-E5FAC1DA54CC}.Debug|x64.Build.0 = Debug|Any CPU
		{3F83F73B-6FAB-4973-9B7E-E5FAC1DA54CC}.Debug|x86.ActiveCfg = Debug|Any CPU
		{3F83F73B-6FAB-4973-9B7E-E5FAC1DA54CC}.Debug|x86.Build.0 = Debug|Any CPU
		{3F83F73B-6FAB-4973-9B7E-E5FAC1DA54CC}.Release|Any CPU.ActiveCfg = Release|Any CPU
		{3F83F73B-6FAB-4973-9B7E-E5FAC1DA54CC}.Release|Any CPU.Build.0 = Release|Any CPU
		{3F83F73B-6FAB-4973-9B7E-E5FAC1DA54CC}.Release|x64.ActiveCfg = Release|Any CPU
		{3F83F73B-6FAB-4973-9B7E-E5FAC1DA54CC}.Release|x64.Build.0 = Release|Any CPU
		{3F83F73B-6FAB-4973-9B7E-E5FAC1DA54CC}.Release|x86.ActiveCfg = Release|Any CPU
		{3F83F73B-6FAB-4973-9B7E-E5FAC1DA54CC}.Release|x86.Build.0 = Release|Any CPU
		{C6282A7D-505F-40B3-A5D6-F07B7BDBAC6F}.Debug|Any CPU.ActiveCfg = Debug|Any CPU
		{C6282A7D-505F-40B3-A5D6-F07B7BDBAC6F}.Debug|Any CPU.Build.0 = Debug|Any CPU
		{C6282A7D-505F-40B3-A5D6-F07B7BDBAC6F}.Debug|x64.ActiveCfg = Debug|Any CPU
		{C6282A7D-505F-40B3-A5D6-F07B7BDBAC6F}.Debug|x64.Build.0 = Debug|Any CPU
		{C6282A7D-505F-40B3-A5D6-F07B7BDBAC6F}.Debug|x86.ActiveCfg = Debug|Any CPU
		{C6282A7D-505F-40B3-A5D6-F07B7BDBAC6F}.Debug|x86.Build.0 = Debug|Any CPU
		{C6282A7D-505F-40B3-A5D6-F07B7BDBAC6F}.Release|Any CPU.ActiveCfg = Release|Any CPU
		{C6282A7D-505F-40B3-A5D6-F07B7BDBAC6F}.Release|Any CPU.Build.0 = Release|Any CPU
		{C6282A7D-505F-40B3-A5D6-F07B7BDBAC6F}.Release|x64.ActiveCfg = Release|Any CPU
		{C6282A7D-505F-40B3-A5D6-F07B7BDBAC6F}.Release|x64.Build.0 = Release|Any CPU
		{C6282A7D-505F-40B3-A5D6-F07B7BDBAC6F}.Release|x86.ActiveCfg = Release|Any CPU
		{C6282A7D-505F-40B3-A5D6-F07B7BDBAC6F}.Release|x86.Build.0 = Release|Any CPU
		{39C93C22-2B1C-4094-BAC8-DEBD5683F761}.Debug|Any CPU.ActiveCfg = Debug|Any CPU
		{39C93C22-2B1C-4094-BAC8-DEBD5683F761}.Debug|Any CPU.Build.0 = Debug|Any CPU
		{39C93C22-2B1C-4094-BAC8-DEBD5683F761}.Debug|x64.ActiveCfg = Debug|Any CPU
		{39C93C22-2B1C-4094-BAC8-DEBD5683F761}.Debug|x64.Build.0 = Debug|Any CPU
		{39C93C22-2B1C-4094-BAC8-DEBD5683F761}.Debug|x86.ActiveCfg = Debug|Any CPU
		{39C93C22-2B1C-4094-BAC8-DEBD5683F761}.Debug|x86.Build.0 = Debug|Any CPU
		{39C93C22-2B1C-4094-BAC8-DEBD5683F761}.Release|Any CPU.ActiveCfg = Release|Any CPU
		{39C93C22-2B1C-4094-BAC8-DEBD5683F761}.Release|Any CPU.Build.0 = Release|Any CPU
		{39C93C22-2B1C-4094-BAC8-DEBD5683F761}.Release|x64.ActiveCfg = Release|Any CPU
		{39C93C22-2B1C-4094-BAC8-DEBD5683F761}.Release|x64.Build.0 = Release|Any CPU
		{39C93C22-2B1C-4094-BAC8-DEBD5683F761}.Release|x86.ActiveCfg = Release|Any CPU
		{39C93C22-2B1C-4094-BAC8-DEBD5683F761}.Release|x86.Build.0 = Release|Any CPU
		{48FBA9E0-87E3-4000-8382-F5956057615C}.Debug|Any CPU.ActiveCfg = Debug|Any CPU
		{48FBA9E0-87E3-4000-8382-F5956057615C}.Debug|Any CPU.Build.0 = Debug|Any CPU
		{48FBA9E0-87E3-4000-8382-F5956057615C}.Debug|x64.ActiveCfg = Debug|Any CPU
		{48FBA9E0-87E3-4000-8382-F5956057615C}.Debug|x64.Build.0 = Debug|Any CPU
		{48FBA9E0-87E3-4000-8382-F5956057615C}.Debug|x86.ActiveCfg = Debug|Any CPU
		{48FBA9E0-87E3-4000-8382-F5956057615C}.Debug|x86.Build.0 = Debug|Any CPU
		{48FBA9E0-87E3-4000-8382-F5956057615C}.Release|Any CPU.ActiveCfg = Release|Any CPU
		{48FBA9E0-87E3-4000-8382-F5956057615C}.Release|Any CPU.Build.0 = Release|Any CPU
		{48FBA9E0-87E3-4000-8382-F5956057615C}.Release|x64.ActiveCfg = Release|Any CPU
		{48FBA9E0-87E3-4000-8382-F5956057615C}.Release|x64.Build.0 = Release|Any CPU
		{48FBA9E0-87E3-4000-8382-F5956057615C}.Release|x86.ActiveCfg = Release|Any CPU
		{48FBA9E0-87E3-4000-8382-F5956057615C}.Release|x86.Build.0 = Release|Any CPU
		{F113CD06-68B5-4E9D-9E68-1C202616B5CD}.Debug|Any CPU.ActiveCfg = Debug|Any CPU
		{F113CD06-68B5-4E9D-9E68-1C202616B5CD}.Debug|Any CPU.Build.0 = Debug|Any CPU
		{F113CD06-68B5-4E9D-9E68-1C202616B5CD}.Debug|x64.ActiveCfg = Debug|Any CPU
		{F113CD06-68B5-4E9D-9E68-1C202616B5CD}.Debug|x64.Build.0 = Debug|Any CPU
		{F113CD06-68B5-4E9D-9E68-1C202616B5CD}.Debug|x86.ActiveCfg = Debug|Any CPU
		{F113CD06-68B5-4E9D-9E68-1C202616B5CD}.Debug|x86.Build.0 = Debug|Any CPU
		{F113CD06-68B5-4E9D-9E68-1C202616B5CD}.Release|Any CPU.ActiveCfg = Release|Any CPU
		{F113CD06-68B5-4E9D-9E68-1C202616B5CD}.Release|Any CPU.Build.0 = Release|Any CPU
		{F113CD06-68B5-4E9D-9E68-1C202616B5CD}.Release|x64.ActiveCfg = Release|Any CPU
		{F113CD06-68B5-4E9D-9E68-1C202616B5CD}.Release|x64.Build.0 = Release|Any CPU
		{F113CD06-68B5-4E9D-9E68-1C202616B5CD}.Release|x86.ActiveCfg = Release|Any CPU
		{F113CD06-68B5-4E9D-9E68-1C202616B5CD}.Release|x86.Build.0 = Release|Any CPU
		{AFB02211-34CC-4E9E-8CA2-D2AA548590CF}.Debug|Any CPU.ActiveCfg = Debug|Any CPU
		{AFB02211-34CC-4E9E-8CA2-D2AA548590CF}.Debug|Any CPU.Build.0 = Debug|Any CPU
		{AFB02211-34CC-4E9E-8CA2-D2AA548590CF}.Debug|x64.ActiveCfg = Debug|Any CPU
		{AFB02211-34CC-4E9E-8CA2-D2AA548590CF}.Debug|x64.Build.0 = Debug|Any CPU
		{AFB02211-34CC-4E9E-8CA2-D2AA548590CF}.Debug|x86.ActiveCfg = Debug|Any CPU
		{AFB02211-34CC-4E9E-8CA2-D2AA548590CF}.Debug|x86.Build.0 = Debug|Any CPU
		{AFB02211-34CC-4E9E-8CA2-D2AA548590CF}.Release|Any CPU.ActiveCfg = Release|Any CPU
		{AFB02211-34CC-4E9E-8CA2-D2AA548590CF}.Release|Any CPU.Build.0 = Release|Any CPU
		{AFB02211-34CC-4E9E-8CA2-D2AA548590CF}.Release|x64.ActiveCfg = Release|Any CPU
		{AFB02211-34CC-4E9E-8CA2-D2AA548590CF}.Release|x64.Build.0 = Release|Any CPU
		{AFB02211-34CC-4E9E-8CA2-D2AA548590CF}.Release|x86.ActiveCfg = Release|Any CPU
		{AFB02211-34CC-4E9E-8CA2-D2AA548590CF}.Release|x86.Build.0 = Release|Any CPU
		{F7D6B74D-5828-4ABD-A897-77417290A13B}.Debug|Any CPU.ActiveCfg = Debug|Any CPU
		{F7D6B74D-5828-4ABD-A897-77417290A13B}.Debug|Any CPU.Build.0 = Debug|Any CPU
		{F7D6B74D-5828-4ABD-A897-77417290A13B}.Debug|x64.ActiveCfg = Debug|Any CPU
		{F7D6B74D-5828-4ABD-A897-77417290A13B}.Debug|x64.Build.0 = Debug|Any CPU
		{F7D6B74D-5828-4ABD-A897-77417290A13B}.Debug|x86.ActiveCfg = Debug|Any CPU
		{F7D6B74D-5828-4ABD-A897-77417290A13B}.Debug|x86.Build.0 = Debug|Any CPU
		{F7D6B74D-5828-4ABD-A897-77417290A13B}.Release|Any CPU.ActiveCfg = Release|Any CPU
		{F7D6B74D-5828-4ABD-A897-77417290A13B}.Release|Any CPU.Build.0 = Release|Any CPU
		{F7D6B74D-5828-4ABD-A897-77417290A13B}.Release|x64.ActiveCfg = Release|Any CPU
		{F7D6B74D-5828-4ABD-A897-77417290A13B}.Release|x64.Build.0 = Release|Any CPU
		{F7D6B74D-5828-4ABD-A897-77417290A13B}.Release|x86.ActiveCfg = Release|Any CPU
		{F7D6B74D-5828-4ABD-A897-77417290A13B}.Release|x86.Build.0 = Release|Any CPU
		{C5FF9798-562C-40A5-A49A-9543D32AC339}.Debug|Any CPU.ActiveCfg = Debug|Any CPU
		{C5FF9798-562C-40A5-A49A-9543D32AC339}.Debug|Any CPU.Build.0 = Debug|Any CPU
		{C5FF9798-562C-40A5-A49A-9543D32AC339}.Debug|x64.ActiveCfg = Debug|Any CPU
		{C5FF9798-562C-40A5-A49A-9543D32AC339}.Debug|x64.Build.0 = Debug|Any CPU
		{C5FF9798-562C-40A5-A49A-9543D32AC339}.Debug|x86.ActiveCfg = Debug|Any CPU
		{C5FF9798-562C-40A5-A49A-9543D32AC339}.Debug|x86.Build.0 = Debug|Any CPU
		{C5FF9798-562C-40A5-A49A-9543D32AC339}.Release|Any CPU.ActiveCfg = Release|Any CPU
		{C5FF9798-562C-40A5-A49A-9543D32AC339}.Release|Any CPU.Build.0 = Release|Any CPU
		{C5FF9798-562C-40A5-A49A-9543D32AC339}.Release|x64.ActiveCfg = Release|Any CPU
		{C5FF9798-562C-40A5-A49A-9543D32AC339}.Release|x64.Build.0 = Release|Any CPU
		{C5FF9798-562C-40A5-A49A-9543D32AC339}.Release|x86.ActiveCfg = Release|Any CPU
		{C5FF9798-562C-40A5-A49A-9543D32AC339}.Release|x86.Build.0 = Release|Any CPU
		{3BAEE29E-EA0D-4C4C-B365-CA8A41E5F462}.Debug|Any CPU.ActiveCfg = Debug|Any CPU
		{3BAEE29E-EA0D-4C4C-B365-CA8A41E5F462}.Debug|Any CPU.Build.0 = Debug|Any CPU
		{3BAEE29E-EA0D-4C4C-B365-CA8A41E5F462}.Debug|x64.ActiveCfg = Debug|Any CPU
		{3BAEE29E-EA0D-4C4C-B365-CA8A41E5F462}.Debug|x64.Build.0 = Debug|Any CPU
		{3BAEE29E-EA0D-4C4C-B365-CA8A41E5F462}.Debug|x86.ActiveCfg = Debug|Any CPU
		{3BAEE29E-EA0D-4C4C-B365-CA8A41E5F462}.Debug|x86.Build.0 = Debug|Any CPU
		{3BAEE29E-EA0D-4C4C-B365-CA8A41E5F462}.Release|Any CPU.ActiveCfg = Release|Any CPU
		{3BAEE29E-EA0D-4C4C-B365-CA8A41E5F462}.Release|Any CPU.Build.0 = Release|Any CPU
		{3BAEE29E-EA0D-4C4C-B365-CA8A41E5F462}.Release|x64.ActiveCfg = Release|Any CPU
		{3BAEE29E-EA0D-4C4C-B365-CA8A41E5F462}.Release|x64.Build.0 = Release|Any CPU
		{3BAEE29E-EA0D-4C4C-B365-CA8A41E5F462}.Release|x86.ActiveCfg = Release|Any CPU
		{3BAEE29E-EA0D-4C4C-B365-CA8A41E5F462}.Release|x86.Build.0 = Release|Any CPU
		{58B8DCF8-0556-475B-BD4A-334A0BE0DB23}.Debug|Any CPU.ActiveCfg = Debug|Any CPU
		{58B8DCF8-0556-475B-BD4A-334A0BE0DB23}.Debug|Any CPU.Build.0 = Debug|Any CPU
		{58B8DCF8-0556-475B-BD4A-334A0BE0DB23}.Debug|x64.ActiveCfg = Debug|Any CPU
		{58B8DCF8-0556-475B-BD4A-334A0BE0DB23}.Debug|x64.Build.0 = Debug|Any CPU
		{58B8DCF8-0556-475B-BD4A-334A0BE0DB23}.Debug|x86.ActiveCfg = Debug|Any CPU
		{58B8DCF8-0556-475B-BD4A-334A0BE0DB23}.Debug|x86.Build.0 = Debug|Any CPU
		{58B8DCF8-0556-475B-BD4A-334A0BE0DB23}.Release|Any CPU.ActiveCfg = Release|Any CPU
		{58B8DCF8-0556-475B-BD4A-334A0BE0DB23}.Release|Any CPU.Build.0 = Release|Any CPU
		{58B8DCF8-0556-475B-BD4A-334A0BE0DB23}.Release|x64.ActiveCfg = Release|Any CPU
		{58B8DCF8-0556-475B-BD4A-334A0BE0DB23}.Release|x64.Build.0 = Release|Any CPU
		{58B8DCF8-0556-475B-BD4A-334A0BE0DB23}.Release|x86.ActiveCfg = Release|Any CPU
		{58B8DCF8-0556-475B-BD4A-334A0BE0DB23}.Release|x86.Build.0 = Release|Any CPU
		{24E9D500-C7D7-43BF-A3DA-52BB825AFE75}.Debug|Any CPU.ActiveCfg = Debug|Any CPU
		{24E9D500-C7D7-43BF-A3DA-52BB825AFE75}.Debug|Any CPU.Build.0 = Debug|Any CPU
		{24E9D500-C7D7-43BF-A3DA-52BB825AFE75}.Debug|x64.ActiveCfg = Debug|Any CPU
		{24E9D500-C7D7-43BF-A3DA-52BB825AFE75}.Debug|x64.Build.0 = Debug|Any CPU
		{24E9D500-C7D7-43BF-A3DA-52BB825AFE75}.Debug|x86.ActiveCfg = Debug|Any CPU
		{24E9D500-C7D7-43BF-A3DA-52BB825AFE75}.Debug|x86.Build.0 = Debug|Any CPU
		{24E9D500-C7D7-43BF-A3DA-52BB825AFE75}.Release|Any CPU.ActiveCfg = Release|Any CPU
		{24E9D500-C7D7-43BF-A3DA-52BB825AFE75}.Release|Any CPU.Build.0 = Release|Any CPU
		{24E9D500-C7D7-43BF-A3DA-52BB825AFE75}.Release|x64.ActiveCfg = Release|Any CPU
		{24E9D500-C7D7-43BF-A3DA-52BB825AFE75}.Release|x64.Build.0 = Release|Any CPU
		{24E9D500-C7D7-43BF-A3DA-52BB825AFE75}.Release|x86.ActiveCfg = Release|Any CPU
		{24E9D500-C7D7-43BF-A3DA-52BB825AFE75}.Release|x86.Build.0 = Release|Any CPU
		{50DD978D-BD41-456C-9128-D35A00470C9F}.Debug|Any CPU.ActiveCfg = Debug|Any CPU
		{50DD978D-BD41-456C-9128-D35A00470C9F}.Debug|Any CPU.Build.0 = Debug|Any CPU
		{50DD978D-BD41-456C-9128-D35A00470C9F}.Debug|x64.ActiveCfg = Debug|Any CPU
		{50DD978D-BD41-456C-9128-D35A00470C9F}.Debug|x64.Build.0 = Debug|Any CPU
		{50DD978D-BD41-456C-9128-D35A00470C9F}.Debug|x86.ActiveCfg = Debug|Any CPU
		{50DD978D-BD41-456C-9128-D35A00470C9F}.Debug|x86.Build.0 = Debug|Any CPU
		{50DD978D-BD41-456C-9128-D35A00470C9F}.Release|Any CPU.ActiveCfg = Release|Any CPU
		{50DD978D-BD41-456C-9128-D35A00470C9F}.Release|Any CPU.Build.0 = Release|Any CPU
		{50DD978D-BD41-456C-9128-D35A00470C9F}.Release|x64.ActiveCfg = Release|Any CPU
		{50DD978D-BD41-456C-9128-D35A00470C9F}.Release|x64.Build.0 = Release|Any CPU
		{50DD978D-BD41-456C-9128-D35A00470C9F}.Release|x86.ActiveCfg = Release|Any CPU
		{50DD978D-BD41-456C-9128-D35A00470C9F}.Release|x86.Build.0 = Release|Any CPU
		{FC925D27-229A-4666-A1A9-DA141463C959}.Debug|Any CPU.ActiveCfg = Debug|Any CPU
		{FC925D27-229A-4666-A1A9-DA141463C959}.Debug|Any CPU.Build.0 = Debug|Any CPU
		{FC925D27-229A-4666-A1A9-DA141463C959}.Debug|x64.ActiveCfg = Debug|Any CPU
		{FC925D27-229A-4666-A1A9-DA141463C959}.Debug|x64.Build.0 = Debug|Any CPU
		{FC925D27-229A-4666-A1A9-DA141463C959}.Debug|x86.ActiveCfg = Debug|Any CPU
		{FC925D27-229A-4666-A1A9-DA141463C959}.Debug|x86.Build.0 = Debug|Any CPU
		{FC925D27-229A-4666-A1A9-DA141463C959}.Release|Any CPU.ActiveCfg = Release|Any CPU
		{FC925D27-229A-4666-A1A9-DA141463C959}.Release|Any CPU.Build.0 = Release|Any CPU
		{FC925D27-229A-4666-A1A9-DA141463C959}.Release|x64.ActiveCfg = Release|Any CPU
		{FC925D27-229A-4666-A1A9-DA141463C959}.Release|x64.Build.0 = Release|Any CPU
		{FC925D27-229A-4666-A1A9-DA141463C959}.Release|x86.ActiveCfg = Release|Any CPU
		{FC925D27-229A-4666-A1A9-DA141463C959}.Release|x86.Build.0 = Release|Any CPU
	EndGlobalSection
	GlobalSection(SolutionProperties) = preSolution
		HideSolutionNode = FALSE
	EndGlobalSection
	GlobalSection(NestedProjects) = preSolution
		{98AB7F3D-791C-48A6-A1B7-61E7956C301F} = {CF273417-5891-44C4-8458-A8EAC00029B3}
		{FCD0931E-7D8A-4DE8-8193-7B82BF1D0416} = {CF273417-5891-44C4-8458-A8EAC00029B3}
		{F702BAC0-4B96-4A2C-B679-7F722508AE0A} = {CF273417-5891-44C4-8458-A8EAC00029B3}
		{127DD9A6-7AA6-450F-98FB-BBA4DDF2D5BF} = {8B32E2DA-595F-4478-8D75-A5FDF4E4BF62}
		{56D4FBBC-F9D9-4403-BCA4-B3F6DB42A1FF} = {127DD9A6-7AA6-450F-98FB-BBA4DDF2D5BF}
		{2CF0FC68-9038-949B-E615-F88F97AEE0B9} = {8B32E2DA-595F-4478-8D75-A5FDF4E4BF62}
		{19463DAF-198B-95E4-355B-153291505A92} = {2CF0FC68-9038-949B-E615-F88F97AEE0B9}
		{3F83F73B-6FAB-4973-9B7E-E5FAC1DA54CC} = {19463DAF-198B-95E4-355B-153291505A92}
		{0E14D837-B0DB-930D-E489-6580E4C78412} = {2CF0FC68-9038-949B-E615-F88F97AEE0B9}
		{C6282A7D-505F-40B3-A5D6-F07B7BDBAC6F} = {0E14D837-B0DB-930D-E489-6580E4C78412}
		{61069465-28ED-564C-3417-DC2B848A0A71} = {8B32E2DA-595F-4478-8D75-A5FDF4E4BF62}
		{6CB772D8-4E23-23E0-5184-284CF321BD0A} = {61069465-28ED-564C-3417-DC2B848A0A71}
		{39C93C22-2B1C-4094-BAC8-DEBD5683F761} = {6CB772D8-4E23-23E0-5184-284CF321BD0A}
		{FB156FBF-9F48-A264-DC38-F536B05E1C08} = {61069465-28ED-564C-3417-DC2B848A0A71}
		{48FBA9E0-87E3-4000-8382-F5956057615C} = {FB156FBF-9F48-A264-DC38-F536B05E1C08}
		{188DFB1B-1620-D022-AD36-F8185C8317B8} = {8B32E2DA-595F-4478-8D75-A5FDF4E4BF62}
		{EE21309E-755D-B7FB-7B9C-8F5F1CB4F98D} = {188DFB1B-1620-D022-AD36-F8185C8317B8}
		{F113CD06-68B5-4E9D-9E68-1C202616B5CD} = {EE21309E-755D-B7FB-7B9C-8F5F1CB4F98D}
		{D5E3AA35-C687-32A1-90C9-019877B720EC} = {188DFB1B-1620-D022-AD36-F8185C8317B8}
		{AFB02211-34CC-4E9E-8CA2-D2AA548590CF} = {D5E3AA35-C687-32A1-90C9-019877B720EC}
		{1724D3B6-8688-AFF0-DC52-BAB98E0822FF} = {8B32E2DA-595F-4478-8D75-A5FDF4E4BF62}
		{45140884-8E1F-1EFA-26F7-E3ECD5D04A72} = {1724D3B6-8688-AFF0-DC52-BAB98E0822FF}
		{F7D6B74D-5828-4ABD-A897-77417290A13B} = {45140884-8E1F-1EFA-26F7-E3ECD5D04A72}
		{635CECF5-281C-D8DE-2E5E-72BBC38BA5BB} = {1724D3B6-8688-AFF0-DC52-BAB98E0822FF}
		{C5FF9798-562C-40A5-A49A-9543D32AC339} = {635CECF5-281C-D8DE-2E5E-72BBC38BA5BB}
		{5AFBC152-C7CA-0FF9-1DC0-4AFD9A27AE1E} = {8B32E2DA-595F-4478-8D75-A5FDF4E4BF62}
		{FFA022F8-C0D6-A38A-4C8C-DFF96577052D} = {5AFBC152-C7CA-0FF9-1DC0-4AFD9A27AE1E}
		{3BAEE29E-EA0D-4C4C-B365-CA8A41E5F462} = {FFA022F8-C0D6-A38A-4C8C-DFF96577052D}
		{564DC6DC-F778-53DF-FECF-90CC1C73C022} = {5AFBC152-C7CA-0FF9-1DC0-4AFD9A27AE1E}
		{58B8DCF8-0556-475B-BD4A-334A0BE0DB23} = {564DC6DC-F778-53DF-FECF-90CC1C73C022}
		{A0A67E8C-E530-5AD4-3E07-FF2EB4422DE8} = {8B32E2DA-595F-4478-8D75-A5FDF4E4BF62}
		{793AFD12-7CF6-AC8D-A0ED-DCAD82D05F5F} = {A0A67E8C-E530-5AD4-3E07-FF2EB4422DE8}
		{24E9D500-C7D7-43BF-A3DA-52BB825AFE75} = {793AFD12-7CF6-AC8D-A0ED-DCAD82D05F5F}
		{88F411C9-FAE1-3650-F331-F83CDF763FC4} = {A0A67E8C-E530-5AD4-3E07-FF2EB4422DE8}
		{50DD978D-BD41-456C-9128-D35A00470C9F} = {88F411C9-FAE1-3650-F331-F83CDF763FC4}
		{36B946EC-CB4F-CA7B-0C5A-6523F031186E} = {C3F10A81-F8F9-E828-1CC4-5544A6536692}
		{FC925D27-229A-4666-A1A9-DA141463C959} = {36B946EC-CB4F-CA7B-0C5A-6523F031186E}
	EndGlobalSection
EndGlobal
