
Microsoft Visual Studio Solution File, Format Version 12.00
# Visual Studio 15
VisualStudioVersion = 15.0.26124.0
MinimumVisualStudioVersion = 15.0.26124.0
Project("{2150E333-8FDC-42A3-9474-1A3956D46DE8}") = "src", "src", "{CF273417-5891-44C4-8458-A8EAC00029B3}"
EndProject
Project("{FAE04EC0-301F-11D3-BF4B-00C04F79EFBC}") = "Nuke.Unreal", "src\Nuke.Unreal\Nuke.Unreal.csproj", "{98AB7F3D-791C-48A6-A1B7-61E7956C301F}"
EndProject
Project("{9A19103F-16F7-4668-BE54-9A1E7A4F7556}") = "_build", "build\_build.csproj", "{9F00CDF8-6FC4-48C7-B8C6-8F7920D5F48B}"
EndProject
Project("{FAE04EC0-301F-11D3-BF4B-00C04F79EFBC}") = "Nuke.Unreal.Tests", "src\Nuke.Unreal.Tests\Nuke.Unreal.Tests.csproj", "{FCD0931E-7D8A-4DE8-8193-7B82BF1D0416}"
EndProject
Project("{FAE04EC0-301F-11D3-BF4B-00C04F79EFBC}") = "Nuke.Unreal.Ini", "src\Nuke.Unreal.Ini\Nuke.Unreal.Ini.csproj", "{F702BAC0-4B96-4A2C-B679-7F722508AE0A}"
EndProject
Global
	GlobalSection(SolutionConfigurationPlatforms) = preSolution
		Debug|Any CPU = Debug|Any CPU
		Debug|x64 = Debug|x64
		Debug|x86 = Debug|x86
		Release|Any CPU = Release|Any CPU
		Release|x64 = Release|x64
		Release|x86 = Release|x86
	EndGlobalSection
	GlobalSection(SolutionProperties) = preSolution
		HideSolutionNode = FALSE
	EndGlobalSection
	GlobalSection(ProjectConfigurationPlatforms) = postSolution
		{9F00CDF8-6FC4-48C7-B8C6-8F7920D5F48B}.Debug|Any CPU.ActiveCfg = Debug|Any CPU
		{9F00CDF8-6FC4-48C7-B8C6-8F7920D5F48B}.Release|Any CPU.ActiveCfg = Release|Any CPU
		{98AB7F3D-791C-48A6-A1B7-61E7956C301F}.Debug|Any CPU.ActiveCfg = Debug|Any CPU
		{98AB7F3D-791C-48A6-A1B7-61E7956C301F}.Debug|Any CPU.Build.0 = Debug|Any CPU
		{98AB7F3D-791C-48A6-A1B7-61E7956C301F}.Debug|x64.ActiveCfg = Debug|Any CPU
		{98AB7F3D-791C-48A6-A1B7-61E7956C301F}.Debug|x64.Build.0 = Debug|Any CPU
		{98AB7F3D-791C-48A6-A1B7-61E7956C301F}.Debug|x86.ActiveCfg = Debug|Any CPU
		{98AB7F3D-791C-48A6-A1B7-61E7956C301F}.Debug|x86.Build.0 = Debug|Any CPU
		{98AB7F3D-791C-48A6-A1B7-61E7956C301F}.Release|Any CPU.ActiveCfg = Release|Any CPU
		{98AB7F3D-791C-48A6-A1B7-61E7956C301F}.Release|Any CPU.Build.0 = Release|Any CPU
		{98AB7F3D-791C-48A6-A1B7-61E7956C301F}.Release|x64.ActiveCfg = Release|Any CPU
		{98AB7F3D-791C-48A6-A1B7-61E7956C301F}.Release|x64.Build.0 = Release|Any CPU
		{98AB7F3D-791C-48A6-A1B7-61E7956C301F}.Release|x86.ActiveCfg = Release|Any CPU
		{98AB7F3D-791C-48A6-A1B7-61E7956C301F}.Release|x86.Build.0 = Release|Any CPU
		{FCD0931E-7D8A-4DE8-8193-7B82BF1D0416}.Debug|Any CPU.ActiveCfg = Debug|Any CPU
		{FCD0931E-7D8A-4DE8-8193-7B82BF1D0416}.Debug|Any CPU.Build.0 = Debug|Any CPU
		{FCD0931E-7D8A-4DE8-8193-7B82BF1D0416}.Debug|x64.ActiveCfg = Debug|Any CPU
		{FCD0931E-7D8A-4DE8-8193-7B82BF1D0416}.Debug|x64.Build.0 = Debug|Any CPU
		{FCD0931E-7D8A-4DE8-8193-7B82BF1D0416}.Debug|x86.ActiveCfg = Debug|Any CPU
		{FCD0931E-7D8A-4DE8-8193-7B82BF1D0416}.Debug|x86.Build.0 = Debug|Any CPU
		{FCD0931E-7D8A-4DE8-8193-7B82BF1D0416}.Release|Any CPU.ActiveCfg = Release|Any CPU
		{FCD0931E-7D8A-4DE8-8193-7B82BF1D0416}.Release|Any CPU.Build.0 = Release|Any CPU
		{FCD0931E-7D8A-4DE8-8193-7B82BF1D0416}.Release|x64.ActiveCfg = Release|Any CPU
		{FCD0931E-7D8A-4DE8-8193-7B82BF1D0416}.Release|x64.Build.0 = Release|Any CPU
		{FCD0931E-7D8A-4DE8-8193-7B82BF1D0416}.Release|x86.ActiveCfg = Release|Any CPU
		{FCD0931E-7D8A-4DE8-8193-7B82BF1D0416}.Release|x86.Build.0 = Release|Any CPU
		{F702BAC0-4B96-4A2C-B679-7F722508AE0A}.Debug|Any CPU.ActiveCfg = Debug|Any CPU
		{F702BAC0-4B96-4A2C-B679-7F722508AE0A}.Debug|Any CPU.Build.0 = Debug|Any CPU
		{F702BAC0-4B96-4A2C-B679-7F722508AE0A}.Debug|x64.ActiveCfg = Debug|Any CPU
		{F702BAC0-4B96-4A2C-B679-7F722508AE0A}.Debug|x64.Build.0 = Debug|Any CPU
		{F702BAC0-4B96-4A2C-B679-7F722508AE0A}.Debug|x86.ActiveCfg = Debug|Any CPU
		{F702BAC0-4B96-4A2C-B679-7F722508AE0A}.Debug|x86.Build.0 = Debug|Any CPU
		{F702BAC0-4B96-4A2C-B679-7F722508AE0A}.Release|Any CPU.ActiveCfg = Release|Any CPU
		{F702BAC0-4B96-4A2C-B679-7F722508AE0A}.Release|Any CPU.Build.0 = Release|Any CPU
		{F702BAC0-4B96-4A2C-B679-7F722508AE0A}.Release|x64.ActiveCfg = Release|Any CPU
		{F702BAC0-4B96-4A2C-B679-7F722508AE0A}.Release|x64.Build.0 = Release|Any CPU
		{F702BAC0-4B96-4A2C-B679-7F722508AE0A}.Release|x86.ActiveCfg = Release|Any CPU
		{F702BAC0-4B96-4A2C-B679-7F722508AE0A}.Release|x86.Build.0 = Release|Any CPU
	EndGlobalSection
	GlobalSection(NestedProjects) = preSolution
		{98AB7F3D-791C-48A6-A1B7-61E7956C301F} = {CF273417-5891-44C4-8458-A8EAC00029B3}
		{FCD0931E-7D8A-4DE8-8193-7B82BF1D0416} = {CF273417-5891-44C4-8458-A8EAC00029B3}
		{F702BAC0-4B96-4A2C-B679-7F722508AE0A} = {CF273417-5891-44C4-8458-A8EAC00029B3}
	EndGlobalSection
EndGlobal
