
Microsoft Visual Studio Solution File, Format Version 12.00
# Visual Studio 15
VisualStudioVersion = 15.0.26124.0
MinimumVisualStudioVersion = 15.0.26124.0
Project("{2150E333-8FDC-42A3-9474-1A3956D46DE8}") = "src", "src", "{CF273417-5891-44C4-8458-A8EAC00029B3}"
EndProject
Project("{C191453F-42D6-4A89-9127-5D534A4A3BAE}") = "Nuke.Unreal", "src\Nuke.Unreal\Nuke.Unreal.csproj", "{98AB7F3D-791C-48A6-A1B7-61E7956C301F}"
EndProject
Project("{9A19103F-16F7-4668-BE54-9A1E7A4F7556}") = "_build", "build\_build.csproj", "{9F00CDF8-6FC4-48C7-B8C6-8F7920D5F48B}"
EndProject
Project("{F075CD81-1E1A-41B1-8A75-2A813BD8C58E}") = "Nuke.Unreal.Tests", "src\Nuke.Unreal.Tests\Nuke.Unreal.Tests.csproj", "{FCD0931E-7D8A-4DE8-8193-7B82BF1D0416}"
EndProject
Project("{9D252F19-40C8-48F0-86BA-18EB301F4902}") = "Nuke.Unreal.Ini", "src\Nuke.Unreal.Ini\Nuke.Unreal.Ini.csproj", "{F702BAC0-4B96-4A2C-B679-7F722508AE0A}"
EndProject
Project("{2150E333-8FDC-42A3-9474-1A3956D46DE8}") = "tests", "tests", "{8B32E2DA-595F-4478-8D75-A5FDF4E4BF62}"
EndProject
Project("{2150E333-8FDC-42A3-9474-1A3956D46DE8}") = "Plain", "Plain", "{127DD9A6-7AA6-450F-98FB-BBA4DDF2D5BF}"
EndProject
Project("{FAE04EC0-301F-11D3-BF4B-00C04F79EFBC}") = "Nuke.Targets", "tests\Plain\Nuke.Targets\Nuke.Targets.csproj", "{56D4FBBC-F9D9-4403-BCA4-B3F6DB42A1FF}"
EndProject
Global
	GlobalSection(SolutionConfigurationPlatforms) = preSolution
		Debug|Any CPU = Debug|Any CPU
		Debug|x64 = Debug|x64
		Debug|x86 = Debug|x86
		Release|Any CPU = Release|Any CPU
		Release|x64 = Release|x64
		Release|x86 = Release|x86
	EndGlobalSection
	GlobalSection(SolutionProperties) = preSolution
		HideSolutionNode = FALSE
	EndGlobalSection
	GlobalSection(ProjectConfigurationPlatforms) = postSolution
		{9F00CDF8-6FC4-48C7-B8C6-8F7920D5F48B}.Debug|Any CPU.ActiveCfg = Debug|Any CPU
		{9F00CDF8-6FC4-48C7-B8C6-8F7920D5F48B}.Release|Any CPU.ActiveCfg = Release|Any CPU
		{98AB7F3D-791C-48A6-A1B7-61E7956C301F}.Debug|Any CPU.ActiveCfg = Debug|Any CPU
		{98AB7F3D-791C-48A6-A1B7-61E7956C301F}.Debug|Any CPU.Build.0 = Debug|Any CPU
		{98AB7F3D-791C-48A6-A1B7-61E7956C301F}.Debug|x64.ActiveCfg = Debug|Any CPU
		{98AB7F3D-791C-48A6-A1B7-61E7956C301F}.Debug|x64.Build.0 = Debug|Any CPU
		{98AB7F3D-791C-48A6-A1B7-61E7956C301F}.Debug|x86.ActiveCfg = Debug|Any CPU
		{98AB7F3D-791C-48A6-A1B7-61E7956C301F}.Debug|x86.Build.0 = Debug|Any CPU
		{98AB7F3D-791C-48A6-A1B7-61E7956C301F}.Release|Any CPU.ActiveCfg = Release|Any CPU
		{98AB7F3D-791C-48A6-A1B7-61E7956C301F}.Release|Any CPU.Build.0 = Release|Any CPU
		{98AB7F3D-791C-48A6-A1B7-61E7956C301F}.Release|x64.ActiveCfg = Release|Any CPU
		{98AB7F3D-791C-48A6-A1B7-61E7956C301F}.Release|x64.Build.0 = Release|Any CPU
		{98AB7F3D-791C-48A6-A1B7-61E7956C301F}.Release|x86.ActiveCfg = Release|Any CPU
		{98AB7F3D-791C-48A6-A1B7-61E7956C301F}.Release|x86.Build.0 = Release|Any CPU
		{FCD0931E-7D8A-4DE8-8193-7B82BF1D0416}.Debug|Any CPU.ActiveCfg = Debug|Any CPU
		{FCD0931E-7D8A-4DE8-8193-7B82BF1D0416}.Debug|Any CPU.Build.0 = Debug|Any CPU
		{FCD0931E-7D8A-4DE8-8193-7B82BF1D0416}.Debug|x64.ActiveCfg = Debug|Any CPU
		{FCD0931E-7D8A-4DE8-8193-7B82BF1D0416}.Debug|x64.Build.0 = Debug|Any CPU
		{FCD0931E-7D8A-4DE8-8193-7B82BF1D0416}.Debug|x86.ActiveCfg = Debug|Any CPU
		{FCD0931E-7D8A-4DE8-8193-7B82BF1D0416}.Debug|x86.Build.0 = Debug|Any CPU
		{FCD0931E-7D8A-4DE8-8193-7B82BF1D0416}.Release|Any CPU.ActiveCfg = Release|Any CPU
		{FCD0931E-7D8A-4DE8-8193-7B82BF1D0416}.Release|Any CPU.Build.0 = Release|Any CPU
		{FCD0931E-7D8A-4DE8-8193-7B82BF1D0416}.Release|x64.ActiveCfg = Release|Any CPU
		{FCD0931E-7D8A-4DE8-8193-7B82BF1D0416}.Release|x64.Build.0 = Release|Any CPU
		{FCD0931E-7D8A-4DE8-8193-7B82BF1D0416}.Release|x86.ActiveCfg = Release|Any CPU
		{FCD0931E-7D8A-4DE8-8193-7B82BF1D0416}.Release|x86.Build.0 = Release|Any CPU
		{F702BAC0-4B96-4A2C-B679-7F722508AE0A}.Debug|Any CPU.ActiveCfg = Debug|Any CPU
		{F702BAC0-4B96-4A2C-B679-7F722508AE0A}.Debug|Any CPU.Build.0 = Debug|Any CPU
		{F702BAC0-4B96-4A2C-B679-7F722508AE0A}.Debug|x64.ActiveCfg = Debug|Any CPU
		{F702BAC0-4B96-4A2C-B679-7F722508AE0A}.Debug|x64.Build.0 = Debug|Any CPU
		{F702BAC0-4B96-4A2C-B679-7F722508AE0A}.Debug|x86.ActiveCfg = Debug|Any CPU
		{F702BAC0-4B96-4A2C-B679-7F722508AE0A}.Debug|x86.Build.0 = Debug|Any CPU
		{F702BAC0-4B96-4A2C-B679-7F722508AE0A}.Release|Any CPU.ActiveCfg = Release|Any CPU
		{F702BAC0-4B96-4A2C-B679-7F722508AE0A}.Release|Any CPU.Build.0 = Release|Any CPU
		{F702BAC0-4B96-4A2C-B679-7F722508AE0A}.Release|x64.ActiveCfg = Release|Any CPU
		{F702BAC0-4B96-4A2C-B679-7F722508AE0A}.Release|x64.Build.0 = Release|Any CPU
		{F702BAC0-4B96-4A2C-B679-7F722508AE0A}.Release|x86.ActiveCfg = Release|Any CPU
		{F702BAC0-4B96-4A2C-B679-7F722508AE0A}.Release|x86.Build.0 = Release|Any CPU
		{56D4FBBC-F9D9-4403-BCA4-B3F6DB42A1FF}.Debug|Any CPU.ActiveCfg = Debug|Any CPU
		{56D4FBBC-F9D9-4403-BCA4-B3F6DB42A1FF}.Debug|Any CPU.Build.0 = Debug|Any CPU
		{56D4FBBC-F9D9-4403-BCA4-B3F6DB42A1FF}.Debug|x64.ActiveCfg = Debug|Any CPU
		{56D4FBBC-F9D9-4403-BCA4-B3F6DB42A1FF}.Debug|x64.Build.0 = Debug|Any CPU
		{56D4FBBC-F9D9-4403-BCA4-B3F6DB42A1FF}.Debug|x86.ActiveCfg = Debug|Any CPU
		{56D4FBBC-F9D9-4403-BCA4-B3F6DB42A1FF}.Debug|x86.Build.0 = Debug|Any CPU
		{56D4FBBC-F9D9-4403-BCA4-B3F6DB42A1FF}.Release|Any CPU.ActiveCfg = Release|Any CPU
		{56D4FBBC-F9D9-4403-BCA4-B3F6DB42A1FF}.Release|Any CPU.Build.0 = Release|Any CPU
		{56D4FBBC-F9D9-4403-BCA4-B3F6DB42A1FF}.Release|x64.ActiveCfg = Release|Any CPU
		{56D4FBBC-F9D9-4403-BCA4-B3F6DB42A1FF}.Release|x64.Build.0 = Release|Any CPU
		{56D4FBBC-F9D9-4403-BCA4-B3F6DB42A1FF}.Release|x86.ActiveCfg = Release|Any CPU
		{56D4FBBC-F9D9-4403-BCA4-B3F6DB42A1FF}.Release|x86.Build.0 = Release|Any CPU
	EndGlobalSection
	GlobalSection(NestedProjects) = preSolution
		{98AB7F3D-791C-48A6-A1B7-61E7956C301F} = {CF273417-5891-44C4-8458-A8EAC00029B3}
		{FCD0931E-7D8A-4DE8-8193-7B82BF1D0416} = {CF273417-5891-44C4-8458-A8EAC00029B3}
		{F702BAC0-4B96-4A2C-B679-7F722508AE0A} = {CF273417-5891-44C4-8458-A8EAC00029B3}
		{127DD9A6-7AA6-450F-98FB-BBA4DDF2D5BF} = {8B32E2DA-595F-4478-8D75-A5FDF4E4BF62}
		{56D4FBBC-F9D9-4403-BCA4-B3F6DB42A1FF} = {127DD9A6-7AA6-450F-98FB-BBA4DDF2D5BF}
	EndGlobalSection
EndGlobal
